
Microsoft Visual Studio Solution File, Format Version 12.00
# Visual Studio 15
VisualStudioVersion = 15.0.28307.1062
MinimumVisualStudioVersion = 10.0.40219.1
Project("{FAE04EC0-301F-11D3-BF4B-00C04F79EFBC}") = "MGT", "MGT\MGT.csproj", "{A752C2FC-B47C-4806-B255-5D0FC4D02CC6}"
EndProject
Global
	GlobalSection(SolutionConfigurationPlatforms) = preSolution
		Debug|Any CPU = Debug|Any CPU
		Release|Any CPU = Release|Any CPU
	EndGlobalSection
	GlobalSection(ProjectConfigurationPlatforms) = postSolution
		{A752C2FC-B47C-4806-B255-5D0FC4D02CC6}.Debug|Any CPU.ActiveCfg = Debug|Any CPU
		{A752C2FC-B47C-4806-B255-5D0FC4D02CC6}.Debug|Any CPU.Build.0 = Debug|Any CPU
		{A752C2FC-B47C-4806-B255-5D0FC4D02CC6}.Release|Any CPU.ActiveCfg = Release|Any CPU
		{A752C2FC-B47C-4806-B255-5D0FC4D02CC6}.Release|Any CPU.Build.0 = Release|Any CPU
	EndGlobalSection
	GlobalSection(SolutionProperties) = preSolution
		HideSolutionNode = FALSE
	EndGlobalSection
	GlobalSection(ExtensibilityGlobals) = postSolution
		SolutionGuid = {035C0FE1-11EB-4D6A-B624-6AA0BB8E8401}
	EndGlobalSection
EndGlobal
